
Microsoft Visual Studio Solution File, Format Version 12.00
# Visual Studio 2017
Project("{FAE04EC0-301F-11D3-BF4B-00C04F79EFBC}") = "TobaMaru", "TobaMaru.csproj", "{9790040E-9CBC-7EFD-DC75-C8E414C6A6D3}"
EndProject
Project("{FAE04EC0-301F-11D3-BF4B-00C04F79EFBC}") = "TobaMaru.Editor", "TobaMaru.Editor.csproj", "{1E1CBD3F-0FF3-8783-05BF-F24BB0CEA651}"
EndProject
Global
	GlobalSection(SolutionConfigurationPlatforms) = preSolution
		Debug|Any CPU = Debug|Any CPU
		Release|Any CPU = Release|Any CPU
	EndGlobalSection
	GlobalSection(ProjectConfigurationPlatforms) = postSolution
		{9790040E-9CBC-7EFD-DC75-C8E414C6A6D3}.Debug|Any CPU.ActiveCfg = Debug|Any CPU
		{9790040E-9CBC-7EFD-DC75-C8E414C6A6D3}.Debug|Any CPU.Build.0 = Debug|Any CPU
		{9790040E-9CBC-7EFD-DC75-C8E414C6A6D3}.Release|Any CPU.ActiveCfg = Release|Any CPU
		{9790040E-9CBC-7EFD-DC75-C8E414C6A6D3}.Release|Any CPU.Build.0 = Release|Any CPU
		{1E1CBD3F-0FF3-8783-05BF-F24BB0CEA651}.Debug|Any CPU.ActiveCfg = Debug|Any CPU
		{1E1CBD3F-0FF3-8783-05BF-F24BB0CEA651}.Debug|Any CPU.Build.0 = Debug|Any CPU
		{1E1CBD3F-0FF3-8783-05BF-F24BB0CEA651}.Release|Any CPU.ActiveCfg = Release|Any CPU
		{1E1CBD3F-0FF3-8783-05BF-F24BB0CEA651}.Release|Any CPU.Build.0 = Release|Any CPU
	EndGlobalSection
	GlobalSection(SolutionProperties) = preSolution
		HideSolutionNode = FALSE
	EndGlobalSection
EndGlobal
